
Microsoft Visual Studio Solution File, Format Version 12.00
# Visual Studio Version 17
VisualStudioVersion = 17.2.32630.192
MinimumVisualStudioVersion = 10.0.40219.1
Project("{FAE04EC0-301F-11D3-BF4B-00C04F79EFBC}") = "UserLogin", "UserLogin\UserLogin.csproj", "{81349646-A137-4FD2-8F79-51C34B291DFD}"
EndProject
Global
	GlobalSection(SolutionConfigurationPlatforms) = preSolution
		Debug|Any CPU = Debug|Any CPU
		Release|Any CPU = Release|Any CPU
	EndGlobalSection
	GlobalSection(ProjectConfigurationPlatforms) = postSolution
		{81349646-A137-4FD2-8F79-51C34B291DFD}.Debug|Any CPU.ActiveCfg = Debug|Any CPU
		{81349646-A137-4FD2-8F79-51C34B291DFD}.Debug|Any CPU.Build.0 = Debug|Any CPU
		{81349646-A137-4FD2-8F79-51C34B291DFD}.Release|Any CPU.ActiveCfg = Release|Any CPU
		{81349646-A137-4FD2-8F79-51C34B291DFD}.Release|Any CPU.Build.0 = Release|Any CPU
	EndGlobalSection
	GlobalSection(SolutionProperties) = preSolution
		HideSolutionNode = FALSE
	EndGlobalSection
	GlobalSection(ExtensibilityGlobals) = postSolution
		SolutionGuid = {2465F14F-A2E6-412C-90D1-C5556F4FD126}
	EndGlobalSection
EndGlobal
